// !$*UTF8*$!
{
	archiveVersion = 1;
	classes = {
	};
	objectVersion = 77;
	objects = {

/* Begin PBXBuildFile section */
		160163AD7D588868C7BCDB3E /* Pods_Orma_OrmaUITests.framework in Frameworks */ = {isa = PBXBuildFile; fileRef = 25B3678B2702D67EE76FBB0A /* Pods_Orma_OrmaUITests.framework */; };
		2998D70F817A8FC546F4F095 /* Pods_Orma.framework in Frameworks */ = {isa = PBXBuildFile; fileRef = 1A60025D809A470B4852356E /* Pods_Orma.framework */; };
		92469A04B5489B3254EBE655 /* Pods_OrmaTests.framework in Frameworks */ = {isa = PBXBuildFile; fileRef = C9374B5C1F774A8336059C14 /* Pods_OrmaTests.framework */; };
		B4253D6E2E4EDB4B008AEE67 /* FirebaseStorage in Frameworks */ = {isa = PBXBuildFile; productRef = B4253D6D2E4EDB4B008AEE67 /* FirebaseStorage */; };
		B4253D702E4EE2E3008AEE67 /* FirebaseDatabase in Frameworks */ = {isa = PBXBuildFile; productRef = B4253D6F2E4EE2E3008AEE67 /* FirebaseDatabase */; };
		B44C59BE2E48360E0074C699 /* FirebaseAI in Frameworks */ = {isa = PBXBuildFile; productRef = B44C59BD2E48360E0074C699 /* FirebaseAI */; };
		B44C59C02E48360E0074C699 /* FirebaseAnalytics in Frameworks */ = {isa = PBXBuildFile; productRef = B44C59BF2E48360E0074C699 /* FirebaseAnalytics */; };
		B44C59C22E48360E0074C699 /* FirebaseAnalyticsCore in Frameworks */ = {isa = PBXBuildFile; productRef = B44C59C12E48360E0074C699 /* FirebaseAnalyticsCore */; };
		B44C59C42E48360E0074C699 /* FirebaseAnalyticsIdentitySupport in Frameworks */ = {isa = PBXBuildFile; productRef = B44C59C32E48360E0074C699 /* FirebaseAnalyticsIdentitySupport */; };
		B44C59C62E48360E0074C699 /* FirebaseAppCheck in Frameworks */ = {isa = PBXBuildFile; productRef = B44C59C52E48360E0074C699 /* FirebaseAppCheck */; };
		B47775D92E48372F00C05BEE /* FirebaseAI in Frameworks */ = {isa = PBXBuildFile; productRef = B47775D82E48372F00C05BEE /* FirebaseAI */; };
		B47775DB2E48372F00C05BEE /* FirebaseAnalytics in Frameworks */ = {isa = PBXBuildFile; productRef = B47775DA2E48372F00C05BEE /* FirebaseAnalytics */; };
		B47775DD2E48372F00C05BEE /* FirebaseAnalyticsCore in Frameworks */ = {isa = PBXBuildFile; productRef = B47775DC2E48372F00C05BEE /* FirebaseAnalyticsCore */; };
		B47775DF2E48372F00C05BEE /* FirebaseAnalyticsIdentitySupport in Frameworks */ = {isa = PBXBuildFile; productRef = B47775DE2E48372F00C05BEE /* FirebaseAnalyticsIdentitySupport */; };
		B47775E12E48372F00C05BEE /* FirebaseAppCheck in Frameworks */ = {isa = PBXBuildFile; productRef = B47775E02E48372F00C05BEE /* FirebaseAppCheck */; };
		B47775E32E48379000C05BEE /* FirebaseAuth in Frameworks */ = {isa = PBXBuildFile; productRef = B47775E22E48379000C05BEE /* FirebaseAuth */; };
		B47775E52E4837B200C05BEE /* FirebaseFirestore in Frameworks */ = {isa = PBXBuildFile; productRef = B47775E42E4837B200C05BEE /* FirebaseFirestore */; };
/* End PBXBuildFile section */

/* Begin PBXContainerItemProxy section */
		B4B563062E4808D400E98934 /* PBXContainerItemProxy */ = {
			isa = PBXContainerItemProxy;
			containerPortal = B4B562ED2E4808D200E98934 /* Project object */;
			proxyType = 1;
			remoteGlobalIDString = B4B562F42E4808D200E98934;
			remoteInfo = Orma;
		};
		B4B563102E4808D400E98934 /* PBXContainerItemProxy */ = {
			isa = PBXContainerItemProxy;
			containerPortal = B4B562ED2E4808D200E98934 /* Project object */;
			proxyType = 1;
			remoteGlobalIDString = B4B562F42E4808D200E98934;
			remoteInfo = Orma;
		};
/* End PBXContainerItemProxy section */

/* Begin PBXFileReference section */
		1A60025D809A470B4852356E /* Pods_Orma.framework */ = {isa = PBXFileReference; explicitFileType = wrapper.framework; includeInIndex = 0; path = Pods_Orma.framework; sourceTree = BUILT_PRODUCTS_DIR; };
		25B3678B2702D67EE76FBB0A /* Pods_Orma_OrmaUITests.framework */ = {isa = PBXFileReference; explicitFileType = wrapper.framework; includeInIndex = 0; path = Pods_Orma_OrmaUITests.framework; sourceTree = BUILT_PRODUCTS_DIR; };
		298A01968EC720FDFCB4FB45 /* Pods-OrmaTests.debug.xcconfig */ = {isa = PBXFileReference; includeInIndex = 1; lastKnownFileType = text.xcconfig; name = "Pods-OrmaTests.debug.xcconfig"; path = "Target Support Files/Pods-OrmaTests/Pods-OrmaTests.debug.xcconfig"; sourceTree = "<group>"; };
		40D6A4F25836D8D8A8CE0215 /* Pods-Orma.debug.xcconfig */ = {isa = PBXFileReference; includeInIndex = 1; lastKnownFileType = text.xcconfig; name = "Pods-Orma.debug.xcconfig"; path = "Target Support Files/Pods-Orma/Pods-Orma.debug.xcconfig"; sourceTree = "<group>"; };
		5EDC74D7913FA2C7613C2BEB /* Pods-Orma.release.xcconfig */ = {isa = PBXFileReference; includeInIndex = 1; lastKnownFileType = text.xcconfig; name = "Pods-Orma.release.xcconfig"; path = "Target Support Files/Pods-Orma/Pods-Orma.release.xcconfig"; sourceTree = "<group>"; };
		93ACE4EB8CC8836B2A54ADD0 /* Pods-Orma-OrmaUITests.release.xcconfig */ = {isa = PBXFileReference; includeInIndex = 1; lastKnownFileType = text.xcconfig; name = "Pods-Orma-OrmaUITests.release.xcconfig"; path = "Target Support Files/Pods-Orma-OrmaUITests/Pods-Orma-OrmaUITests.release.xcconfig"; sourceTree = "<group>"; };
		9DBDD3D0E894FA5A456FA1BF /* Pods-Orma-OrmaUITests.debug.xcconfig */ = {isa = PBXFileReference; includeInIndex = 1; lastKnownFileType = text.xcconfig; name = "Pods-Orma-OrmaUITests.debug.xcconfig"; path = "Target Support Files/Pods-Orma-OrmaUITests/Pods-Orma-OrmaUITests.debug.xcconfig"; sourceTree = "<group>"; };
		B44C59B72E482CA50074C699 /* Info.plist */ = {isa = PBXFileReference; lastKnownFileType = text.plist.xml; path = Info.plist; sourceTree = "<group>"; };
		B4B562F52E4808D200E98934 /* Orma.app */ = {isa = PBXFileReference; explicitFileType = wrapper.application; includeInIndex = 0; path = Orma.app; sourceTree = BUILT_PRODUCTS_DIR; };
		B4B563052E4808D400E98934 /* OrmaTests.xctest */ = {isa = PBXFileReference; explicitFileType = wrapper.cfbundle; includeInIndex = 0; path = OrmaTests.xctest; sourceTree = BUILT_PRODUCTS_DIR; };
		B4B5630F2E4808D400E98934 /* OrmaUITests.xctest */ = {isa = PBXFileReference; explicitFileType = wrapper.cfbundle; includeInIndex = 0; path = OrmaUITests.xctest; sourceTree = BUILT_PRODUCTS_DIR; };
		BF1D0621B1C53AFEF2AECC51 /* Pods-OrmaTests.release.xcconfig */ = {isa = PBXFileReference; includeInIndex = 1; lastKnownFileType = text.xcconfig; name = "Pods-OrmaTests.release.xcconfig"; path = "Target Support Files/Pods-OrmaTests/Pods-OrmaTests.release.xcconfig"; sourceTree = "<group>"; };
		C9374B5C1F774A8336059C14 /* Pods_OrmaTests.framework */ = {isa = PBXFileReference; explicitFileType = wrapper.framework; includeInIndex = 0; path = Pods_OrmaTests.framework; sourceTree = BUILT_PRODUCTS_DIR; };
/* End PBXFileReference section */

/* Begin PBXFileSystemSynchronizedRootGroup section */
		B4B562F72E4808D200E98934 /* Orma */ = {
			isa = PBXFileSystemSynchronizedRootGroup;
			path = Orma;
			sourceTree = "<group>";
		};
		B4B563082E4808D400E98934 /* OrmaTests */ = {
			isa = PBXFileSystemSynchronizedRootGroup;
			path = OrmaTests;
			sourceTree = "<group>";
		};
		B4B563122E4808D400E98934 /* OrmaUITests */ = {
			isa = PBXFileSystemSynchronizedRootGroup;
			path = OrmaUITests;
			sourceTree = "<group>";
		};
/* End PBXFileSystemSynchronizedRootGroup section */

/* Begin PBXFrameworksBuildPhase section */
		B4B562F22E4808D200E98934 /* Frameworks */ = {
			isa = PBXFrameworksBuildPhase;
			buildActionMask = 2147483647;
			files = (
				B4253D702E4EE2E3008AEE67 /* FirebaseDatabase in Frameworks */,
				B47775D92E48372F00C05BEE /* FirebaseAI in Frameworks */,
				B47775E52E4837B200C05BEE /* FirebaseFirestore in Frameworks */,
				2998D70F817A8FC546F4F095 /* Pods_Orma.framework in Frameworks */,
				B47775DB2E48372F00C05BEE /* FirebaseAnalytics in Frameworks */,
				B44C59C42E48360E0074C699 /* FirebaseAnalyticsIdentitySupport in Frameworks */,
				B47775DD2E48372F00C05BEE /* FirebaseAnalyticsCore in Frameworks */,
				B44C59BE2E48360E0074C699 /* FirebaseAI in Frameworks */,
				B47775DF2E48372F00C05BEE /* FirebaseAnalyticsIdentitySupport in Frameworks */,
				B47775E32E48379000C05BEE /* FirebaseAuth in Frameworks */,
				B44C59C02E48360E0074C699 /* FirebaseAnalytics in Frameworks */,
				B44C59C62E48360E0074C699 /* FirebaseAppCheck in Frameworks */,
				B4253D6E2E4EDB4B008AEE67 /* FirebaseStorage in Frameworks */,
				B44C59C22E48360E0074C699 /* FirebaseAnalyticsCore in Frameworks */,
				B47775E12E48372F00C05BEE /* FirebaseAppCheck in Frameworks */,
			);
			runOnlyForDeploymentPostprocessing = 0;
		};
		B4B563022E4808D400E98934 /* Frameworks */ = {
			isa = PBXFrameworksBuildPhase;
			buildActionMask = 2147483647;
			files = (
				92469A04B5489B3254EBE655 /* Pods_OrmaTests.framework in Frameworks */,
			);
			runOnlyForDeploymentPostprocessing = 0;
		};
		B4B5630C2E4808D400E98934 /* Frameworks */ = {
			isa = PBXFrameworksBuildPhase;
			buildActionMask = 2147483647;
			files = (
				160163AD7D588868C7BCDB3E /* Pods_Orma_OrmaUITests.framework in Frameworks */,
			);
			runOnlyForDeploymentPostprocessing = 0;
		};
/* End PBXFrameworksBuildPhase section */

/* Begin PBXGroup section */
		78CC6C65770846554C6241AD /* Frameworks */ = {
			isa = PBXGroup;
			children = (
				1A60025D809A470B4852356E /* Pods_Orma.framework */,
				25B3678B2702D67EE76FBB0A /* Pods_Orma_OrmaUITests.framework */,
				C9374B5C1F774A8336059C14 /* Pods_OrmaTests.framework */,
			);
			name = Frameworks;
			sourceTree = "<group>";
		};
		B4B562EC2E4808D200E98934 = {
			isa = PBXGroup;
			children = (
				B4B562F72E4808D200E98934 /* Orma */,
				B4B563082E4808D400E98934 /* OrmaTests */,
				B4B563122E4808D400E98934 /* OrmaUITests */,
				B4B562F62E4808D200E98934 /* Products */,
				ECE02EB420D5B5FB3C69381E /* Pods */,
				78CC6C65770846554C6241AD /* Frameworks */,
				B44C59B72E482CA50074C699 /* Info.plist */,
			);
			sourceTree = "<group>";
		};
		B4B562F62E4808D200E98934 /* Products */ = {
			isa = PBXGroup;
			children = (
				B4B562F52E4808D200E98934 /* Orma.app */,
				B4B563052E4808D400E98934 /* OrmaTests.xctest */,
				B4B5630F2E4808D400E98934 /* OrmaUITests.xctest */,
			);
			name = Products;
			sourceTree = "<group>";
		};
		ECE02EB420D5B5FB3C69381E /* Pods */ = {
			isa = PBXGroup;
			children = (
				40D6A4F25836D8D8A8CE0215 /* Pods-Orma.debug.xcconfig */,
				5EDC74D7913FA2C7613C2BEB /* Pods-Orma.release.xcconfig */,
				9DBDD3D0E894FA5A456FA1BF /* Pods-Orma-OrmaUITests.debug.xcconfig */,
				93ACE4EB8CC8836B2A54ADD0 /* Pods-Orma-OrmaUITests.release.xcconfig */,
				298A01968EC720FDFCB4FB45 /* Pods-OrmaTests.debug.xcconfig */,
				BF1D0621B1C53AFEF2AECC51 /* Pods-OrmaTests.release.xcconfig */,
			);
			path = Pods;
			sourceTree = "<group>";
		};
/* End PBXGroup section */

/* Begin PBXNativeTarget section */
		B4B562F42E4808D200E98934 /* Orma */ = {
			isa = PBXNativeTarget;
			buildConfigurationList = B4B563192E4808D400E98934 /* Build configuration list for PBXNativeTarget "Orma" */;
			buildPhases = (
				85B5619C61F5D4123AEAC164 /* [CP] Check Pods Manifest.lock */,
				B4B562F12E4808D200E98934 /* Sources */,
				B4B562F22E4808D200E98934 /* Frameworks */,
				B4B562F32E4808D200E98934 /* Resources */,
				65631AB77B090022BD98C2C4 /* [CP] Embed Pods Frameworks */,
			);
			buildRules = (
			);
			dependencies = (
			);
			fileSystemSynchronizedGroups = (
				B4B562F72E4808D200E98934 /* Orma */,
			);
			name = Orma;
			productName = Orma;
			productReference = B4B562F52E4808D200E98934 /* Orma.app */;
			productType = "com.apple.product-type.application";
		};
		B4B563042E4808D400E98934 /* OrmaTests */ = {
			isa = PBXNativeTarget;
			buildConfigurationList = B4B5631C2E4808D400E98934 /* Build configuration list for PBXNativeTarget "OrmaTests" */;
			buildPhases = (
				CFCC9EDD9E0439DE70CF4D56 /* [CP] Check Pods Manifest.lock */,
				B4B563012E4808D400E98934 /* Sources */,
				B4B563022E4808D400E98934 /* Frameworks */,
				B4B563032E4808D400E98934 /* Resources */,
			);
			buildRules = (
			);
			dependencies = (
				B4B563072E4808D400E98934 /* PBXTargetDependency */,
			);
			fileSystemSynchronizedGroups = (
				B4B563082E4808D400E98934 /* OrmaTests */,
			);
			name = OrmaTests;
			productName = OrmaTests;
			productReference = B4B563052E4808D400E98934 /* OrmaTests.xctest */;
			productType = "com.apple.product-type.bundle.unit-test";
		};
		B4B5630E2E4808D400E98934 /* OrmaUITests */ = {
			isa = PBXNativeTarget;
			buildConfigurationList = B4B5631F2E4808D400E98934 /* Build configuration list for PBXNativeTarget "OrmaUITests" */;
			buildPhases = (
				E4CA53507B9184A1DCAA8145 /* [CP] Check Pods Manifest.lock */,
				B4B5630B2E4808D400E98934 /* Sources */,
				B4B5630C2E4808D400E98934 /* Frameworks */,
				B4B5630D2E4808D400E98934 /* Resources */,
				1A6A118B82ECAD5434D116EB /* [CP] Embed Pods Frameworks */,
			);
			buildRules = (
			);
			dependencies = (
				B4B563112E4808D400E98934 /* PBXTargetDependency */,
			);
			fileSystemSynchronizedGroups = (
				B4B563122E4808D400E98934 /* OrmaUITests */,
			);
			name = OrmaUITests;
			productName = OrmaUITests;
			productReference = B4B5630F2E4808D400E98934 /* OrmaUITests.xctest */;
			productType = "com.apple.product-type.bundle.ui-testing";
		};
/* End PBXNativeTarget section */

/* Begin PBXProject section */
		B4B562ED2E4808D200E98934 /* Project object */ = {
			isa = PBXProject;
			attributes = {
				BuildIndependentTargetsInParallel = 1;
				LastSwiftUpdateCheck = 1620;
				LastUpgradeCheck = 1620;
				TargetAttributes = {
					B4B562F42E4808D200E98934 = {
						CreatedOnToolsVersion = 16.2;
					};
					B4B563042E4808D400E98934 = {
						CreatedOnToolsVersion = 16.2;
						TestTargetID = B4B562F42E4808D200E98934;
					};
					B4B5630E2E4808D400E98934 = {
						CreatedOnToolsVersion = 16.2;
						TestTargetID = B4B562F42E4808D200E98934;
					};
				};
			};
			buildConfigurationList = B4B562F02E4808D200E98934 /* Build configuration list for PBXProject "Orma" */;
			developmentRegion = en;
			hasScannedForEncodings = 0;
			knownRegions = (
				en,
				Base,
			);
			mainGroup = B4B562EC2E4808D200E98934;
			minimizedProjectReferenceProxies = 1;
			packageReferences = (
				B44C59BC2E48360E0074C699 /* XCRemoteSwiftPackageReference "firebase-ios-sdk" */,
			);
			preferredProjectObjectVersion = 77;
			productRefGroup = B4B562F62E4808D200E98934 /* Products */;
			projectDirPath = "";
			projectRoot = "";
			targets = (
				B4B562F42E4808D200E98934 /* Orma */,
				B4B563042E4808D400E98934 /* OrmaTests */,
				B4B5630E2E4808D400E98934 /* OrmaUITests */,
			);
		};
/* End PBXProject section */

/* Begin PBXResourcesBuildPhase section */
		B4B562F32E4808D200E98934 /* Resources */ = {
			isa = PBXResourcesBuildPhase;
			buildActionMask = 2147483647;
			files = (
			);
			runOnlyForDeploymentPostprocessing = 0;
		};
		B4B563032E4808D400E98934 /* Resources */ = {
			isa = PBXResourcesBuildPhase;
			buildActionMask = 2147483647;
			files = (
			);
			runOnlyForDeploymentPostprocessing = 0;
		};
		B4B5630D2E4808D400E98934 /* Resources */ = {
			isa = PBXResourcesBuildPhase;
			buildActionMask = 2147483647;
			files = (
			);
			runOnlyForDeploymentPostprocessing = 0;
		};
/* End PBXResourcesBuildPhase section */

/* Begin PBXShellScriptBuildPhase section */
		1A6A118B82ECAD5434D116EB /* [CP] Embed Pods Frameworks */ = {
			isa = PBXShellScriptBuildPhase;
			buildActionMask = 2147483647;
			files = (
			);
			inputFileListPaths = (
				"${PODS_ROOT}/Target Support Files/Pods-Orma-OrmaUITests/Pods-Orma-OrmaUITests-frameworks-${CONFIGURATION}-input-files.xcfilelist",
			);
			name = "[CP] Embed Pods Frameworks";
			outputFileListPaths = (
				"${PODS_ROOT}/Target Support Files/Pods-Orma-OrmaUITests/Pods-Orma-OrmaUITests-frameworks-${CONFIGURATION}-output-files.xcfilelist",
			);
			runOnlyForDeploymentPostprocessing = 0;
			shellPath = /bin/sh;
			shellScript = "\"${PODS_ROOT}/Target Support Files/Pods-Orma-OrmaUITests/Pods-Orma-OrmaUITests-frameworks.sh\"\n";
			showEnvVarsInLog = 0;
		};
		65631AB77B090022BD98C2C4 /* [CP] Embed Pods Frameworks */ = {
			isa = PBXShellScriptBuildPhase;
			buildActionMask = 2147483647;
			files = (
			);
			inputFileListPaths = (
				"${PODS_ROOT}/Target Support Files/Pods-Orma/Pods-Orma-frameworks-${CONFIGURATION}-input-files.xcfilelist",
			);
			name = "[CP] Embed Pods Frameworks";
			outputFileListPaths = (
				"${PODS_ROOT}/Target Support Files/Pods-Orma/Pods-Orma-frameworks-${CONFIGURATION}-output-files.xcfilelist",
			);
			runOnlyForDeploymentPostprocessing = 0;
			shellPath = /bin/sh;
			shellScript = "\"${PODS_ROOT}/Target Support Files/Pods-Orma/Pods-Orma-frameworks.sh\"\n";
			showEnvVarsInLog = 0;
		};
		85B5619C61F5D4123AEAC164 /* [CP] Check Pods Manifest.lock */ = {
			isa = PBXShellScriptBuildPhase;
			buildActionMask = 2147483647;
			files = (
			);
			inputFileListPaths = (
			);
			inputPaths = (
				"${PODS_PODFILE_DIR_PATH}/Podfile.lock",
				"${PODS_ROOT}/Manifest.lock",
			);
			name = "[CP] Check Pods Manifest.lock";
			outputFileListPaths = (
			);
			outputPaths = (
				"$(DERIVED_FILE_DIR)/Pods-Orma-checkManifestLockResult.txt",
			);
			runOnlyForDeploymentPostprocessing = 0;
			shellPath = /bin/sh;
			shellScript = "diff \"${PODS_PODFILE_DIR_PATH}/Podfile.lock\" \"${PODS_ROOT}/Manifest.lock\" > /dev/null\nif [ $? != 0 ] ; then\n    # print error to STDERR\n    echo \"error: The sandbox is not in sync with the Podfile.lock. Run 'pod install' or update your CocoaPods installation.\" >&2\n    exit 1\nfi\n# This output is used by Xcode 'outputs' to avoid re-running this script phase.\necho \"SUCCESS\" > \"${SCRIPT_OUTPUT_FILE_0}\"\n";
			showEnvVarsInLog = 0;
		};
		CFCC9EDD9E0439DE70CF4D56 /* [CP] Check Pods Manifest.lock */ = {
			isa = PBXShellScriptBuildPhase;
			buildActionMask = 2147483647;
			files = (
			);
			inputFileListPaths = (
			);
			inputPaths = (
				"${PODS_PODFILE_DIR_PATH}/Podfile.lock",
				"${PODS_ROOT}/Manifest.lock",
			);
			name = "[CP] Check Pods Manifest.lock";
			outputFileListPaths = (
			);
			outputPaths = (
				"$(DERIVED_FILE_DIR)/Pods-OrmaTests-checkManifestLockResult.txt",
			);
			runOnlyForDeploymentPostprocessing = 0;
			shellPath = /bin/sh;
			shellScript = "diff \"${PODS_PODFILE_DIR_PATH}/Podfile.lock\" \"${PODS_ROOT}/Manifest.lock\" > /dev/null\nif [ $? != 0 ] ; then\n    # print error to STDERR\n    echo \"error: The sandbox is not in sync with the Podfile.lock. Run 'pod install' or update your CocoaPods installation.\" >&2\n    exit 1\nfi\n# This output is used by Xcode 'outputs' to avoid re-running this script phase.\necho \"SUCCESS\" > \"${SCRIPT_OUTPUT_FILE_0}\"\n";
			showEnvVarsInLog = 0;
		};
		E4CA53507B9184A1DCAA8145 /* [CP] Check Pods Manifest.lock */ = {
			isa = PBXShellScriptBuildPhase;
			buildActionMask = 2147483647;
			files = (
			);
			inputFileListPaths = (
			);
			inputPaths = (
				"${PODS_PODFILE_DIR_PATH}/Podfile.lock",
				"${PODS_ROOT}/Manifest.lock",
			);
			name = "[CP] Check Pods Manifest.lock";
			outputFileListPaths = (
			);
			outputPaths = (
				"$(DERIVED_FILE_DIR)/Pods-Orma-OrmaUITests-checkManifestLockResult.txt",
			);
			runOnlyForDeploymentPostprocessing = 0;
			shellPath = /bin/sh;
			shellScript = "diff \"${PODS_PODFILE_DIR_PATH}/Podfile.lock\" \"${PODS_ROOT}/Manifest.lock\" > /dev/null\nif [ $? != 0 ] ; then\n    # print error to STDERR\n    echo \"error: The sandbox is not in sync with the Podfile.lock. Run 'pod install' or update your CocoaPods installation.\" >&2\n    exit 1\nfi\n# This output is used by Xcode 'outputs' to avoid re-running this script phase.\necho \"SUCCESS\" > \"${SCRIPT_OUTPUT_FILE_0}\"\n";
			showEnvVarsInLog = 0;
		};
/* End PBXShellScriptBuildPhase section */

/* Begin PBXSourcesBuildPhase section */
		B4B562F12E4808D200E98934 /* Sources */ = {
			isa = PBXSourcesBuildPhase;
			buildActionMask = 2147483647;
			files = (
			);
			runOnlyForDeploymentPostprocessing = 0;
		};
		B4B563012E4808D400E98934 /* Sources */ = {
			isa = PBXSourcesBuildPhase;
			buildActionMask = 2147483647;
			files = (
			);
			runOnlyForDeploymentPostprocessing = 0;
		};
		B4B5630B2E4808D400E98934 /* Sources */ = {
			isa = PBXSourcesBuildPhase;
			buildActionMask = 2147483647;
			files = (
			);
			runOnlyForDeploymentPostprocessing = 0;
		};
/* End PBXSourcesBuildPhase section */

/* Begin PBXTargetDependency section */
		B4B563072E4808D400E98934 /* PBXTargetDependency */ = {
			isa = PBXTargetDependency;
			target = B4B562F42E4808D200E98934 /* Orma */;
			targetProxy = B4B563062E4808D400E98934 /* PBXContainerItemProxy */;
		};
		B4B563112E4808D400E98934 /* PBXTargetDependency */ = {
			isa = PBXTargetDependency;
			target = B4B562F42E4808D200E98934 /* Orma */;
			targetProxy = B4B563102E4808D400E98934 /* PBXContainerItemProxy */;
		};
/* End PBXTargetDependency section */

/* Begin XCBuildConfiguration section */
		B4B563172E4808D400E98934 /* Debug */ = {
			isa = XCBuildConfiguration;
			buildSettings = {
				ALWAYS_SEARCH_USER_PATHS = NO;
				ASSETCATALOG_COMPILER_GENERATE_SWIFT_ASSET_SYMBOL_EXTENSIONS = YES;
				CLANG_ANALYZER_NONNULL = YES;
				CLANG_ANALYZER_NUMBER_OBJECT_CONVERSION = YES_AGGRESSIVE;
				CLANG_CXX_LANGUAGE_STANDARD = "gnu++20";
				CLANG_ENABLE_MODULES = YES;
				CLANG_ENABLE_OBJC_ARC = YES;
				CLANG_ENABLE_OBJC_WEAK = YES;
				CLANG_WARN_BLOCK_CAPTURE_AUTORELEASING = YES;
				CLANG_WARN_BOOL_CONVERSION = YES;
				CLANG_WARN_COMMA = YES;
				CLANG_WARN_CONSTANT_CONVERSION = YES;
				CLANG_WARN_DEPRECATED_OBJC_IMPLEMENTATIONS = YES;
				CLANG_WARN_DIRECT_OBJC_ISA_USAGE = YES_ERROR;
				CLANG_WARN_DOCUMENTATION_COMMENTS = YES;
				CLANG_WARN_EMPTY_BODY = YES;
				CLANG_WARN_ENUM_CONVERSION = YES;
				CLANG_WARN_INFINITE_RECURSION = YES;
				CLANG_WARN_INT_CONVERSION = YES;
				CLANG_WARN_NON_LITERAL_NULL_CONVERSION = YES;
				CLANG_WARN_OBJC_IMPLICIT_RETAIN_SELF = YES;
				CLANG_WARN_OBJC_LITERAL_CONVERSION = YES;
				CLANG_WARN_OBJC_ROOT_CLASS = YES_ERROR;
				CLANG_WARN_QUOTED_INCLUDE_IN_FRAMEWORK_HEADER = YES;
				CLANG_WARN_RANGE_LOOP_ANALYSIS = YES;
				CLANG_WARN_STRICT_PROTOTYPES = YES;
				CLANG_WARN_SUSPICIOUS_MOVE = YES;
				CLANG_WARN_UNGUARDED_AVAILABILITY = YES_AGGRESSIVE;
				CLANG_WARN_UNREACHABLE_CODE = YES;
				CLANG_WARN__DUPLICATE_METHOD_MATCH = YES;
				COPY_PHASE_STRIP = NO;
				DEBUG_INFORMATION_FORMAT = dwarf;
				ENABLE_STRICT_OBJC_MSGSEND = YES;
				ENABLE_TESTABILITY = YES;
				ENABLE_USER_SCRIPT_SANDBOXING = NO;
				GCC_C_LANGUAGE_STANDARD = gnu17;
				GCC_DYNAMIC_NO_PIC = NO;
				GCC_NO_COMMON_BLOCKS = YES;
				GCC_OPTIMIZATION_LEVEL = 0;
				GCC_PREPROCESSOR_DEFINITIONS = (
					"DEBUG=1",
					"$(inherited)",
				);
				GCC_WARN_64_TO_32_BIT_CONVERSION = YES;
				GCC_WARN_ABOUT_RETURN_TYPE = YES_ERROR;
				GCC_WARN_UNDECLARED_SELECTOR = YES;
				GCC_WARN_UNINITIALIZED_AUTOS = YES_AGGRESSIVE;
				GCC_WARN_UNUSED_FUNCTION = YES;
				GCC_WARN_UNUSED_VARIABLE = YES;
				INFOPLIST_FILE = Info.plist;
				IPHONEOS_DEPLOYMENT_TARGET = 18.2;
				LOCALIZATION_PREFERS_STRING_CATALOGS = YES;
				MTL_ENABLE_DEBUG_INFO = INCLUDE_SOURCE;
				MTL_FAST_MATH = YES;
				ONLY_ACTIVE_ARCH = YES;
				SDKROOT = iphoneos;
				SWIFT_ACTIVE_COMPILATION_CONDITIONS = "DEBUG $(inherited)";
				SWIFT_OPTIMIZATION_LEVEL = "-Onone";
			};
			name = Debug;
		};
		B4B563182E4808D400E98934 /* Release */ = {
			isa = XCBuildConfiguration;
			buildSettings = {
				ALWAYS_SEARCH_USER_PATHS = NO;
				ASSETCATALOG_COMPILER_GENERATE_SWIFT_ASSET_SYMBOL_EXTENSIONS = YES;
				CLANG_ANALYZER_NONNULL = YES;
				CLANG_ANALYZER_NUMBER_OBJECT_CONVERSION = YES_AGGRESSIVE;
				CLANG_CXX_LANGUAGE_STANDARD = "gnu++20";
				CLANG_ENABLE_MODULES = YES;
				CLANG_ENABLE_OBJC_ARC = YES;
				CLANG_ENABLE_OBJC_WEAK = YES;
				CLANG_WARN_BLOCK_CAPTURE_AUTORELEASING = YES;
				CLANG_WARN_BOOL_CONVERSION = YES;
				CLANG_WARN_COMMA = YES;
				CLANG_WARN_CONSTANT_CONVERSION = YES;
				CLANG_WARN_DEPRECATED_OBJC_IMPLEMENTATIONS = YES;
				CLANG_WARN_DIRECT_OBJC_ISA_USAGE = YES_ERROR;
				CLANG_WARN_DOCUMENTATION_COMMENTS = YES;
				CLANG_WARN_EMPTY_BODY = YES;
				CLANG_WARN_ENUM_CONVERSION = YES;
				CLANG_WARN_INFINITE_RECURSION = YES;
				CLANG_WARN_INT_CONVERSION = YES;
				CLANG_WARN_NON_LITERAL_NULL_CONVERSION = YES;
				CLANG_WARN_OBJC_IMPLICIT_RETAIN_SELF = YES;
				CLANG_WARN_OBJC_LITERAL_CONVERSION = YES;
				CLANG_WARN_OBJC_ROOT_CLASS = YES_ERROR;
				CLANG_WARN_QUOTED_INCLUDE_IN_FRAMEWORK_HEADER = YES;
				CLANG_WARN_RANGE_LOOP_ANALYSIS = YES;
				CLANG_WARN_STRICT_PROTOTYPES = YES;
				CLANG_WARN_SUSPICIOUS_MOVE = YES;
				CLANG_WARN_UNGUARDED_AVAILABILITY = YES_AGGRESSIVE;
				CLANG_WARN_UNREACHABLE_CODE = YES;
				CLANG_WARN__DUPLICATE_METHOD_MATCH = YES;
				COPY_PHASE_STRIP = NO;
				DEBUG_INFORMATION_FORMAT = "dwarf-with-dsym";
				ENABLE_NS_ASSERTIONS = NO;
				ENABLE_STRICT_OBJC_MSGSEND = YES;
				ENABLE_USER_SCRIPT_SANDBOXING = NO;
				GCC_C_LANGUAGE_STANDARD = gnu17;
				GCC_NO_COMMON_BLOCKS = YES;
				GCC_WARN_64_TO_32_BIT_CONVERSION = YES;
				GCC_WARN_ABOUT_RETURN_TYPE = YES_ERROR;
				GCC_WARN_UNDECLARED_SELECTOR = YES;
				GCC_WARN_UNINITIALIZED_AUTOS = YES_AGGRESSIVE;
				GCC_WARN_UNUSED_FUNCTION = YES;
				GCC_WARN_UNUSED_VARIABLE = YES;
				INFOPLIST_FILE = Info.plist;
				IPHONEOS_DEPLOYMENT_TARGET = 18.2;
				LOCALIZATION_PREFERS_STRING_CATALOGS = YES;
				MTL_ENABLE_DEBUG_INFO = NO;
				MTL_FAST_MATH = YES;
				SDKROOT = iphoneos;
				SWIFT_COMPILATION_MODE = wholemodule;
				VALIDATE_PRODUCT = YES;
			};
			name = Release;
		};
		B4B5631A2E4808D400E98934 /* Debug */ = {
			isa = XCBuildConfiguration;
			baseConfigurationReference = 40D6A4F25836D8D8A8CE0215 /* Pods-Orma.debug.xcconfig */;
			buildSettings = {
				ASSETCATALOG_COMPILER_APPICON_NAME = AppIcon;
				ASSETCATALOG_COMPILER_GLOBAL_ACCENT_COLOR_NAME = AccentColor;
				CODE_SIGN_STYLE = Automatic;
				CURRENT_PROJECT_VERSION = 1;
				DEVELOPMENT_ASSET_PATHS = "\"Orma/Preview Content\"";
				ENABLE_PREVIEWS = YES;
				GENERATE_INFOPLIST_FILE = YES;
				INFOPLIST_KEY_UIApplicationSceneManifest_Generation = YES;
				INFOPLIST_KEY_UIApplicationSupportsIndirectInputEvents = YES;
				INFOPLIST_KEY_UILaunchScreen_Generation = YES;
				INFOPLIST_KEY_UISupportedInterfaceOrientations_iPad = "UIInterfaceOrientationPortrait UIInterfaceOrientationPortraitUpsideDown UIInterfaceOrientationLandscapeLeft UIInterfaceOrientationLandscapeRight";
				INFOPLIST_KEY_UISupportedInterfaceOrientations_iPhone = "UIInterfaceOrientationPortrait UIInterfaceOrientationLandscapeLeft UIInterfaceOrientationLandscapeRight";
				LD_RUNPATH_SEARCH_PATHS = (
					"$(inherited)",
					"@executable_path/Frameworks",
				);
				MARKETING_VERSION = 1.0;
				OTHER_LDFLAGS = (
					"$(inherited)",
					"-framework",
					"\"AppAuth\"",
					"-framework",
					"\"AppCheckCore\"",
					"-framework",
					"\"CoreGraphics\"",
					"-framework",
					"\"CoreText\"",
					"-framework",
					"\"FBLPromises\"",
					"-framework",
					"\"Foundation\"",
					"-framework",
					"\"GTMAppAuth\"",
					"-framework",
					"\"GTMSessionFetcher\"",
					"-framework",
					"\"GoogleSignIn\"",
					"-framework",
					"\"GoogleSignInSwift\"",
					"-framework",
					"\"GoogleUtilities\"",
					"-framework",
					"\"LocalAuthentication\"",
					"-framework",
					"\"SafariServices\"",
					"-framework",
					"\"Security\"",
					"-framework",
					"\"SwiftUI\"",
					"-framework",
					"\"UIKit\"",
					"-weak_framework",
					"\"AuthenticationServices\"",
					"-weak_framework",
					"\"DeviceCheck\"",
					"-ObjC",
				);
				PRODUCT_BUNDLE_IDENTIFIER = logno.Orma;
				PRODUCT_NAME = "$(TARGET_NAME)";
				SWIFT_EMIT_LOC_STRINGS = YES;
				SWIFT_VERSION = 5.0;
				TARGETED_DEVICE_FAMILY = "1,2";
			};
			name = Debug;
		};
		B4B5631B2E4808D400E98934 /* Release */ = {
			isa = XCBuildConfiguration;
			baseConfigurationReference = 5EDC74D7913FA2C7613C2BEB /* Pods-Orma.release.xcconfig */;
			buildSettings = {
				ASSETCATALOG_COMPILER_APPICON_NAME = AppIcon;
				ASSETCATALOG_COMPILER_GLOBAL_ACCENT_COLOR_NAME = AccentColor;
				CODE_SIGN_STYLE = Automatic;
				CURRENT_PROJECT_VERSION = 1;
				DEVELOPMENT_ASSET_PATHS = "\"Orma/Preview Content\"";
				ENABLE_PREVIEWS = YES;
				GENERATE_INFOPLIST_FILE = YES;
				INFOPLIST_KEY_UIApplicationSceneManifest_Generation = YES;
				INFOPLIST_KEY_UIApplicationSupportsIndirectInputEvents = YES;
				INFOPLIST_KEY_UILaunchScreen_Generation = YES;
				INFOPLIST_KEY_UISupportedInterfaceOrientations_iPad = "UIInterfaceOrientationPortrait UIInterfaceOrientationPortraitUpsideDown UIInterfaceOrientationLandscapeLeft UIInterfaceOrientationLandscapeRight";
				INFOPLIST_KEY_UISupportedInterfaceOrientations_iPhone = "UIInterfaceOrientationPortrait UIInterfaceOrientationLandscapeLeft UIInterfaceOrientationLandscapeRight";
				LD_RUNPATH_SEARCH_PATHS = (
					"$(inherited)",
					"@executable_path/Frameworks",
				);
				MARKETING_VERSION = 1.0;
				OTHER_LDFLAGS = (
					"$(inherited)",
					"-framework",
					"\"AppAuth\"",
					"-framework",
					"\"AppCheckCore\"",
					"-framework",
					"\"CoreGraphics\"",
					"-framework",
					"\"CoreText\"",
					"-framework",
					"\"FBLPromises\"",
					"-framework",
					"\"Foundation\"",
					"-framework",
					"\"GTMAppAuth\"",
					"-framework",
					"\"GTMSessionFetcher\"",
					"-framework",
					"\"GoogleSignIn\"",
					"-framework",
					"\"GoogleSignInSwift\"",
					"-framework",
					"\"GoogleUtilities\"",
					"-framework",
					"\"LocalAuthentication\"",
					"-framework",
					"\"SafariServices\"",
					"-framework",
					"\"Security\"",
					"-framework",
					"\"SwiftUI\"",
					"-framework",
					"\"UIKit\"",
					"-weak_framework",
					"\"AuthenticationServices\"",
					"-weak_framework",
					"\"DeviceCheck\"",
					"-ObjC",
				);
				PRODUCT_BUNDLE_IDENTIFIER = logno.Orma;
				PRODUCT_NAME = "$(TARGET_NAME)";
				SWIFT_EMIT_LOC_STRINGS = YES;
				SWIFT_VERSION = 5.0;
				TARGETED_DEVICE_FAMILY = "1,2";
			};
			name = Release;
		};
		B4B5631D2E4808D400E98934 /* Debug */ = {
			isa = XCBuildConfiguration;
			baseConfigurationReference = 298A01968EC720FDFCB4FB45 /* Pods-OrmaTests.debug.xcconfig */;
			buildSettings = {
				BUNDLE_LOADER = "$(TEST_HOST)";
				CODE_SIGN_STYLE = Automatic;
				CURRENT_PROJECT_VERSION = 1;
				GENERATE_INFOPLIST_FILE = YES;
				IPHONEOS_DEPLOYMENT_TARGET = 18.2;
				MARKETING_VERSION = 1.0;
				PRODUCT_BUNDLE_IDENTIFIER = logno.OrmaTests;
				PRODUCT_NAME = "$(TARGET_NAME)";
				SWIFT_EMIT_LOC_STRINGS = NO;
				SWIFT_VERSION = 5.0;
				TARGETED_DEVICE_FAMILY = "1,2";
				TEST_HOST = "$(BUILT_PRODUCTS_DIR)/Orma.app/$(BUNDLE_EXECUTABLE_FOLDER_PATH)/Orma";
			};
			name = Debug;
		};
		B4B5631E2E4808D400E98934 /* Release */ = {
			isa = XCBuildConfiguration;
			baseConfigurationReference = BF1D0621B1C53AFEF2AECC51 /* Pods-OrmaTests.release.xcconfig */;
			buildSettings = {
				BUNDLE_LOADER = "$(TEST_HOST)";
				CODE_SIGN_STYLE = Automatic;
				CURRENT_PROJECT_VERSION = 1;
				GENERATE_INFOPLIST_FILE = YES;
				IPHONEOS_DEPLOYMENT_TARGET = 18.2;
				MARKETING_VERSION = 1.0;
				PRODUCT_BUNDLE_IDENTIFIER = logno.OrmaTests;
				PRODUCT_NAME = "$(TARGET_NAME)";
				SWIFT_EMIT_LOC_STRINGS = NO;
				SWIFT_VERSION = 5.0;
				TARGETED_DEVICE_FAMILY = "1,2";
				TEST_HOST = "$(BUILT_PRODUCTS_DIR)/Orma.app/$(BUNDLE_EXECUTABLE_FOLDER_PATH)/Orma";
			};
			name = Release;
		};
		B4B563202E4808D400E98934 /* Debug */ = {
			isa = XCBuildConfiguration;
			baseConfigurationReference = 9DBDD3D0E894FA5A456FA1BF /* Pods-Orma-OrmaUITests.debug.xcconfig */;
			buildSettings = {
				CODE_SIGN_STYLE = Automatic;
				CURRENT_PROJECT_VERSION = 1;
				GENERATE_INFOPLIST_FILE = YES;
				MARKETING_VERSION = 1.0;
				PRODUCT_BUNDLE_IDENTIFIER = logno.OrmaUITests;
				PRODUCT_NAME = "$(TARGET_NAME)";
				SWIFT_EMIT_LOC_STRINGS = NO;
				SWIFT_VERSION = 5.0;
				TARGETED_DEVICE_FAMILY = "1,2";
				TEST_TARGET_NAME = Orma;
			};
			name = Debug;
		};
		B4B563212E4808D400E98934 /* Release */ = {
			isa = XCBuildConfiguration;
			baseConfigurationReference = 93ACE4EB8CC8836B2A54ADD0 /* Pods-Orma-OrmaUITests.release.xcconfig */;
			buildSettings = {
				CODE_SIGN_STYLE = Automatic;
				CURRENT_PROJECT_VERSION = 1;
				GENERATE_INFOPLIST_FILE = YES;
				MARKETING_VERSION = 1.0;
				PRODUCT_BUNDLE_IDENTIFIER = logno.OrmaUITests;
				PRODUCT_NAME = "$(TARGET_NAME)";
				SWIFT_EMIT_LOC_STRINGS = NO;
				SWIFT_VERSION = 5.0;
				TARGETED_DEVICE_FAMILY = "1,2";
				TEST_TARGET_NAME = Orma;
			};
			name = Release;
		};
/* End XCBuildConfiguration section */

/* Begin XCConfigurationList section */
		B4B562F02E4808D200E98934 /* Build configuration list for PBXProject "Orma" */ = {
			isa = XCConfigurationList;
			buildConfigurations = (
				B4B563172E4808D400E98934 /* Debug */,
				B4B563182E4808D400E98934 /* Release */,
			);
			defaultConfigurationIsVisible = 0;
			defaultConfigurationName = Release;
		};
		B4B563192E4808D400E98934 /* Build configuration list for PBXNativeTarget "Orma" */ = {
			isa = XCConfigurationList;
			buildConfigurations = (
				B4B5631A2E4808D400E98934 /* Debug */,
				B4B5631B2E4808D400E98934 /* Release */,
			);
			defaultConfigurationIsVisible = 0;
			defaultConfigurationName = Release;
		};
		B4B5631C2E4808D400E98934 /* Build configuration list for PBXNativeTarget "OrmaTests" */ = {
			isa = XCConfigurationList;
			buildConfigurations = (
				B4B5631D2E4808D400E98934 /* Debug */,
				B4B5631E2E4808D400E98934 /* Release */,
			);
			defaultConfigurationIsVisible = 0;
			defaultConfigurationName = Release;
		};
		B4B5631F2E4808D400E98934 /* Build configuration list for PBXNativeTarget "OrmaUITests" */ = {
			isa = XCConfigurationList;
			buildConfigurations = (
				B4B563202E4808D400E98934 /* Debug */,
				B4B563212E4808D400E98934 /* Release */,
			);
			defaultConfigurationIsVisible = 0;
			defaultConfigurationName = Release;
		};
/* End XCConfigurationList section */

/* Begin XCRemoteSwiftPackageReference section */
		B44C59BC2E48360E0074C699 /* XCRemoteSwiftPackageReference "firebase-ios-sdk" */ = {
			isa = XCRemoteSwiftPackageReference;
			repositoryURL = "https://github.com/firebase/firebase-ios-sdk";
			requirement = {
				kind = upToNextMajorVersion;
				minimumVersion = 12.1.0;
			};
		};
/* End XCRemoteSwiftPackageReference section */

/* Begin XCSwiftPackageProductDependency section */
		B4253D6D2E4EDB4B008AEE67 /* FirebaseStorage */ = {
			isa = XCSwiftPackageProductDependency;
			package = B44C59BC2E48360E0074C699 /* XCRemoteSwiftPackageReference "firebase-ios-sdk" */;
			productName = FirebaseStorage;
		};
		B4253D6F2E4EE2E3008AEE67 /* FirebaseDatabase */ = {
			isa = XCSwiftPackageProductDependency;
			package = B44C59BC2E48360E0074C699 /* XCRemoteSwiftPackageReference "firebase-ios-sdk" */;
			productName = FirebaseDatabase;
		};
		B44C59BD2E48360E0074C699 /* FirebaseAI */ = {
			isa = XCSwiftPackageProductDependency;
			package = B44C59BC2E48360E0074C699 /* XCRemoteSwiftPackageReference "firebase-ios-sdk" */;
			productName = FirebaseAI;
		};
		B44C59BF2E48360E0074C699 /* FirebaseAnalytics */ = {
			isa = XCSwiftPackageProductDependency;
			package = B44C59BC2E48360E0074C699 /* XCRemoteSwiftPackageReference "firebase-ios-sdk" */;
			productName = FirebaseAnalytics;
		};
		B44C59C12E48360E0074C699 /* FirebaseAnalyticsCore */ = {
			isa = XCSwiftPackageProductDependency;
			package = B44C59BC2E48360E0074C699 /* XCRemoteSwiftPackageReference "firebase-ios-sdk" */;
			productName = FirebaseAnalyticsCore;
		};
		B44C59C32E48360E0074C699 /* FirebaseAnalyticsIdentitySupport */ = {
			isa = XCSwiftPackageProductDependency;
			package = B44C59BC2E48360E0074C699 /* XCRemoteSwiftPackageReference "firebase-ios-sdk" */;
			productName = FirebaseAnalyticsIdentitySupport;
		};
		B44C59C52E48360E0074C699 /* FirebaseAppCheck */ = {
			isa = XCSwiftPackageProductDependency;
			package = B44C59BC2E48360E0074C699 /* XCRemoteSwiftPackageReference "firebase-ios-sdk" */;
			productName = FirebaseAppCheck;
		};
		B47775D82E48372F00C05BEE /* FirebaseAI */ = {
			isa = XCSwiftPackageProductDependency;
			package = B44C59BC2E48360E0074C699 /* XCRemoteSwiftPackageReference "firebase-ios-sdk" */;
			productName = FirebaseAI;
		};
		B47775DA2E48372F00C05BEE /* FirebaseAnalytics */ = {
			isa = XCSwiftPackageProductDependency;
			package = B44C59BC2E48360E0074C699 /* XCRemoteSwiftPackageReference "firebase-ios-sdk" */;
			productName = FirebaseAnalytics;
		};
		B47775DC2E48372F00C05BEE /* FirebaseAnalyticsCore */ = {
			isa = XCSwiftPackageProductDependency;
			package = B44C59BC2E48360E0074C699 /* XCRemoteSwiftPackageReference "firebase-ios-sdk" */;
			productName = FirebaseAnalyticsCore;
		};
		B47775DE2E48372F00C05BEE /* FirebaseAnalyticsIdentitySupport */ = {
			isa = XCSwiftPackageProductDependency;
			package = B44C59BC2E48360E0074C699 /* XCRemoteSwiftPackageReference "firebase-ios-sdk" */;
			productName = FirebaseAnalyticsIdentitySupport;
		};
		B47775E02E48372F00C05BEE /* FirebaseAppCheck */ = {
			isa = XCSwiftPackageProductDependency;
			package = B44C59BC2E48360E0074C699 /* XCRemoteSwiftPackageReference "firebase-ios-sdk" */;
			productName = FirebaseAppCheck;
		};
		B47775E22E48379000C05BEE /* FirebaseAuth */ = {
			isa = XCSwiftPackageProductDependency;
			package = B44C59BC2E48360E0074C699 /* XCRemoteSwiftPackageReference "firebase-ios-sdk" */;
			productName = FirebaseAuth;
		};
		B47775E42E4837B200C05BEE /* FirebaseFirestore */ = {
			isa = XCSwiftPackageProductDependency;
			package = B44C59BC2E48360E0074C699 /* XCRemoteSwiftPackageReference "firebase-ios-sdk" */;
			productName = FirebaseFirestore;
		};
/* End XCSwiftPackageProductDependency section */
	};
	rootObject = B4B562ED2E4808D200E98934 /* Project object */;
}
